lockfileVersion: '9.0'

settings:
  autoInstallPeers: true
  excludeLinksFromLockfile: false

importers:

  .:
    dependencies:
      '@chakra-ui/icons':
        specifier: ^2.1.1
        version: 2.2.4(@chakra-ui/react@2.10.9(@emotion/react@11.14.0(@types/react@18.3.28)(react@18.3.1))(@emotion/styled@11.14.1(@emotion/react@11.14.0(@types/react@18.3.28)(react@18.3.1))(@types/react@18.3.28)(react@18.3.1))(@types/react@18.3.28)(framer-motion@11.18.2(@emotion/is-prop-valid@1.4.0)(react-dom@19.2.4(react@18.3.1))(react@18.3.1))(react-dom@19.2.4(react@18.3.1))(react@18.3.1))(react@18.3.1)
      '@chakra-ui/react':
        specifier: ^2.8.2
        version: 2.10.9(@emotion/react@11.14.0(@types/react@18.3.28)(react@18.3.1))(@emotion/styled@11.14.1(@emotion/react@11.14.0(@types/react@18.3.28)(react@18.3.1))(@types/react@18.3.28)(react@18.3.1))(@types/react@18.3.28)(framer-motion@11.18.2(@emotion/is-prop-valid@1.4.0)(react-dom@19.2.4(react@18.3.1))(react@18.3.1))(react-dom@19.2.4(react@18.3.1))(react@18.3.1)
      '@emotion/react':
        specifier: ^11.13.0
        version: 11.14.0(@types/react@18.3.28)(react@18.3.1)
      '@emotion/styled':
        specifier: ^11.13.0
        version: 11.14.1(@emotion/react@11.14.0(@types/react@18.3.28)(react@18.3.1))(@types/react@18.3.28)(react@18.3.1)
      '@runeltd/hugr':
        specifier: file:..
        version: file:..(zod@4.3.6)
      framer-motion:
        specifier: ^11.3.0
        version: 11.18.2(@emotion/is-prop-valid@1.4.0)(react-dom@19.2.4(react@18.3.1))(react@18.3.1)
      lucide-react:
        specifier: ^0.441.0
        version: 0.441.0(react@18.3.1)
      next:
        specifier: ^14.2.0
        version: 14.2.35(react-dom@19.2.4(react@18.3.1))(react@18.3.1)
      react:
        specifier: ^18.3.0
        version: 18.3.1
      react-dom:
        specifier: ^19.2.4
        version: 19.2.4(react@18.3.1)
    devDependencies:
      '@types/node':
        specifier: ^22.0.0
        version: 22.19.15
      '@types/react':
        specifier: ^18.3.0
        version: 18.3.28
      '@types/react-dom':
        specifier: ^19.2.3
        version: 19.2.3(@types/react@18.3.28)
      typescript:
        specifier: ^5.5.0
        version: 5.9.3

packages:

  '@anthropic-ai/claude-agent-sdk@0.2.81':
    resolution: {integrity: sha512-CBeebgibBEN/DWOQGZN67vhuTG55RbI1hlsFSSoZ4uA/Io3lw04eHTE2ISCmdbqyJaefYTt6GKZei1nP0TQMNw==}
    engines: {node: '>=18.0.0'}
    peerDependencies:
      zod: ^4.0.0

  '@babel/code-frame@7.29.0':
    resolution: {integrity: sha512-9NhCeYjq9+3uxgdtp20LSiJXJvN0FeCtNGpJxuMFZ1Kv3cWUNb6DOhJwUvcVCzKGR66cw4njwM6hrJLqgOwbcw==}
    engines: {node: '>=6.9.0'}

  '@babel/generator@7.29.1':
    resolution: {integrity: sha512-qsaF+9Qcm2Qv8SRIMMscAvG4O3lJ0F1GuMo5HR/Bp02LopNgnZBC/EkbevHFeGs4ls/oPz9v+Bsmzbkbe+0dUw==}
    engines: {node: '>=6.9.0'}

  '@babel/helper-globals@7.28.0':
    resolution: {integrity: sha512-+W6cISkXFa1jXsDEdYA8HeevQT/FULhxzR99pxphltZcVaugps53THCeiWA8SguxxpSp3gKPiuYfSWopkLQ4hw==}
    engines: {node: '>=6.9.0'}

  '@babel/helper-module-imports@7.28.6':
    resolution: {integrity: sha512-l5XkZK7r7wa9LucGw9LwZyyCUscb4x37JWTPz7swwFE/0FMQAGpiWUZn8u9DzkSBWEcK25jmvubfpw2dnAMdbw==}
    engines: {node: '>=6.9.0'}

  '@babel/helper-string-parser@7.27.1':
    resolution: {integrity: sha512-qMlSxKbpRlAridDExk92nSobyDdpPijUq2DW6oDnUqd0iOGxmQjyqhMIihI9+zv4LPyZdRje2cavWPbCbWm3eA==}
    engines: {node: '>=6.9.0'}

  '@babel/helper-validator-identifier@7.28.5':
    resolution: {integrity: sha512-qSs4ifwzKJSV39ucNjsvc6WVHs6b7S03sOh2OcHF9UHfVPqWWALUsNUVzhSBiItjRZoLHx7nIarVjqKVusUZ1Q==}
    engines: {node: '>=6.9.0'}

  '@babel/parser@7.29.2':
    resolution: {integrity: sha512-4GgRzy/+fsBa72/RZVJmGKPmZu9Byn8o4MoLpmNe1m8ZfYnz5emHLQz3U4gLud6Zwl0RZIcgiLD7Uq7ySFuDLA==}
    engines: {node: '>=6.0.0'}
    hasBin: true

  '@babel/runtime@7.29.2':
    resolution: {integrity: sha512-JiDShH45zKHWyGe4ZNVRrCjBz8Nh9TMmZG1kh4QTK8hCBTWBi8Da+i7s1fJw7/lYpM4ccepSNfqzZ/QvABBi5g==}
    engines: {node: '>=6.9.0'}

  '@babel/template@7.28.6':
    resolution: {integrity: sha512-YA6Ma2KsCdGb+WC6UpBVFJGXL58MDA6oyONbjyF/+5sBgxY/dwkhLogbMT2GXXyU84/IhRw/2D1Os1B/giz+BQ==}
    engines: {node: '>=6.9.0'}

  '@babel/traverse@7.29.0':
    resolution: {integrity: sha512-4HPiQr0X7+waHfyXPZpWPfWL/J7dcN1mx9gL6WdQVMbPnF3+ZhSMs8tCxN7oHddJE9fhNE7+lxdnlyemKfJRuA==}
    engines: {node: '>=6.9.0'}

  '@babel/types@7.29.0':
    resolution: {integrity: sha512-LwdZHpScM4Qz8Xw2iKSzS+cfglZzJGvofQICy7W7v4caru4EaAmyUuO6BGrbyQ2mYV11W0U8j5mBhd14dd3B0A==}
    engines: {node: '>=6.9.0'}

  '@chakra-ui/anatomy@2.3.6':
    resolution: {integrity: sha512-TjmjyQouIZzha/l8JxdBZN1pKZTj7sLpJ0YkFnQFyqHcbfWggW9jKWzY1E0VBnhtFz/xF3KC6UAVuZVSJx+y0g==}

  '@chakra-ui/hooks@2.4.5':
    resolution: {integrity: sha512-601fWfHE2i7UjaxK/9lDLlOni6vk/I+04YDbM0BrelJy+eqxdlOmoN8Z6MZ3PzFh7ofERUASor+vL+/HaCaZ7w==}
    peerDependencies:
      react: '>=18'

  '@chakra-ui/icons@2.2.4':
    resolution: {integrity: sha512-l5QdBgwrAg3Sc2BRqtNkJpfuLw/pWRDwwT58J6c4PqQT6wzXxyNa8Q0PForu1ltB5qEiFb1kxr/F/HO1EwNa6g==}
    peerDependencies:
      '@chakra-ui/react': '>=2.0.0'
      react: '>=18'

  '@chakra-ui/react@2.10.9':
    resolution: {integrity: sha512-lhdcgoocOiURwBNR3L8OioCNIaGCZqRfuKioLyaQLjOanl4jr0PQclsGb+w0cmito252vEWpsz2xRqF7y+Flrw==}
    peerDependencies:
      '@emotion/react': '>=11'
      '@emotion/styled': '>=11'
      framer-motion: '>=4.0.0'
      react: '>=18'
      react-dom: '>=18'

  '@chakra-ui/styled-system@2.12.4':
    resolution: {integrity: sha512-oa07UG7Lic5hHSQtGRiMEnYjuhIa8lszyuVhZjZqR2Ap3VMF688y1MVPJ1pK+8OwY5uhXBgVd5c0+rI8aBZlwg==}

  '@chakra-ui/theme-tools@2.2.9':
    resolution: {integrity: sha512-PcbYL19lrVvEc7Oydy//jsy/MO/rZz1DvLyO6AoI+bI/+Kwz9WfOKsspbulEhRg5COayE0R/IZPsskXZ7Mp4bA==}
    peerDependencies:
      '@chakra-ui/styled-system': '>=2.0.0'

  '@chakra-ui/theme@3.4.9':
    resolution: {integrity: sha512-GAom2SjSdRWTcX76/2yJOFJsOWHQeBgaynCUNBsHq62OafzvELrsSHDUw0bBqBb1c2ww0CclIvGilPup8kXBFA==}
    peerDependencies:
      '@chakra-ui/styled-system': '>=2.8.0'

  '@chakra-ui/utils@2.2.5':
    resolution: {integrity: sha512-KTBCK+M5KtXH6p54XS39ImQUMVtAx65BoZDoEms3LuObyTo1+civ1sMm4h3nRT320U6H5H7D35WnABVQjqU/4g==}
    peerDependencies:
      react: '>=16.8.0'

  '@emotion/babel-plugin@11.13.5':
    resolution: {integrity: sha512-pxHCpT2ex+0q+HH91/zsdHkw/lXd468DIN2zvfvLtPKLLMo6gQj7oLObq8PhkrxOZb/gGCq03S3Z7PDhS8pduQ==}

  '@emotion/cache@11.14.0':
    resolution: {integrity: sha512-L/B1lc/TViYk4DcpGxtAVbx0ZyiKM5ktoIyafGkH6zg/tj+mA+NE//aPYKG0k8kCHSHVJrpLpcAlOBEXQ3SavA==}

  '@emotion/hash@0.9.2':
    resolution: {integrity: sha512-MyqliTZGuOm3+5ZRSaaBGP3USLw6+EGykkwZns2EPC5g8jJ4z9OrdZY9apkl3+UP9+sdz76YYkwCKP5gh8iY3g==}

  '@emotion/is-prop-valid@1.4.0':
    resolution: {integrity: sha512-QgD4fyscGcbbKwJmqNvUMSE02OsHUa+lAWKdEUIJKgqe5IwRSKd7+KhibEWdaKwgjLj0DRSHA9biAIqGBk05lw==}

  '@emotion/memoize@0.9.0':
    resolution: {integrity: sha512-30FAj7/EoJ5mwVPOWhAyCX+FPfMDrVecJAM+Iw9NRoSl4BBAQeqj4cApHHUXOVvIPgLVDsCFoz/hGD+5QQD1GQ==}

  '@emotion/react@11.14.0':
    resolution: {integrity: sha512-O000MLDBDdk/EohJPFUqvnp4qnHeYkVP5B0xEG0D/L7cOKP9kefu2DXn8dj74cQfsEzUqh+sr1RzFqiL1o+PpA==}
    peerDependencies:
      '@types/react': '*'
      react: '>=16.8.0'
    peerDependenciesMeta:
      '@types/react':
        optional: true

  '@emotion/serialize@1.3.3':
    resolution: {integrity: sha512-EISGqt7sSNWHGI76hC7x1CksiXPahbxEOrC5RjmFRJTqLyEK9/9hZvBbiYn70dw4wuwMKiEMCUlR6ZXTSWQqxA==}

  '@emotion/sheet@1.4.0':
    resolution: {integrity: sha512-fTBW9/8r2w3dXWYM4HCB1Rdp8NLibOw2+XELH5m5+AkWiL/KqYX6dc0kKYlaYyKjrQ6ds33MCdMPEwgs2z1rqg==}

  '@emotion/styled@11.14.1':
    resolution: {integrity: sha512-qEEJt42DuToa3gurlH4Qqc1kVpNq8wO8cJtDzU46TjlzWjDlsVyevtYCRijVq3SrHsROS+gVQ8Fnea108GnKzw==}
    peerDependencies:
      '@emotion/react': ^11.0.0-rc.0
      '@types/react': '*'
      react: '>=16.8.0'
    peerDependenciesMeta:
      '@types/react':
        optional: true

  '@emotion/unitless@0.10.0':
    resolution: {integrity: sha512-dFoMUuQA20zvtVTuxZww6OHoJYgrzfKM1t52mVySDJnMSEa08ruEvdYQbhvyu6soU+NeLVd3yKfTfT0NeV6qGg==}

  '@emotion/use-insertion-effect-with-fallbacks@1.2.0':
    resolution: {integrity: sha512-yJMtVdH59sxi/aVJBpk9FQq+OR8ll5GT8oWd57UpeaKEVGab41JWaCFA7FRLoMLloOZF/c/wsPoe+bfGmRKgDg==}
    peerDependencies:
      react: '>=16.8.0'

  '@emotion/utils@1.4.2':
    resolution: {integrity: sha512-3vLclRofFziIa3J2wDh9jjbkUz9qk5Vi3IZ/FSTKViB0k+ef0fPV7dYrUIugbgupYDx7v9ud/SjrtEP8Y4xLoA==}

  '@emotion/weak-memoize@0.4.0':
    resolution: {integrity: sha512-snKqtPW01tN0ui7yu9rGv69aJXr/a/Ywvl11sUjNtEcRc+ng/mQriFL0wLXMef74iHa/EkftbDzU9F8iFbH+zg==}

  '@img/sharp-darwin-arm64@0.34.5':
    resolution: {integrity: sha512-imtQ3WMJXbMY4fxb/Ndp6HBTNVtWCUI0WdobyheGf5+ad6xX8VIDO8u2xE4qc/fr08CKG/7dDseFtn6M6g/r3w==}
    engines: {node: ^18.17.0 || ^20.3.0 || >=21.0.0}
    cpu: [arm64]
    os: [darwin]

  '@img/sharp-darwin-x64@0.34.5':
    resolution: {integrity: sha512-YNEFAF/4KQ/PeW0N+r+aVVsoIY0/qxxikF2SWdp+NRkmMB7y9LBZAVqQ4yhGCm/H3H270OSykqmQMKLBhBJDEw==}
    engines: {node: ^18.17.0 || ^20.3.0 || >=21.0.0}
    cpu: [x64]
    os: [darwin]

  '@img/sharp-libvips-darwin-arm64@1.2.4':
    resolution: {integrity: sha512-zqjjo7RatFfFoP0MkQ51jfuFZBnVE2pRiaydKJ1G/rHZvnsrHAOcQALIi9sA5co5xenQdTugCvtb1cuf78Vf4g==}
    cpu: [arm64]
    os: [darwin]

  '@img/sharp-libvips-darwin-x64@1.2.4':
    resolution: {integrity: sha512-1IOd5xfVhlGwX+zXv2N93k0yMONvUlANylbJw1eTah8K/Jtpi15KC+WSiaX/nBmbm2HxRM1gZ0nSdjSsrZbGKg==}
    cpu: [x64]
    os: [darwin]

  '@img/sharp-libvips-linux-arm64@1.2.4':
    resolution: {integrity: sha512-excjX8DfsIcJ10x1Kzr4RcWe1edC9PquDRRPx3YVCvQv+U5p7Yin2s32ftzikXojb1PIFc/9Mt28/y+iRklkrw==}
    cpu: [arm64]
    os: [linux]

  '@img/sharp-libvips-linux-arm@1.2.4':
    resolution: {integrity: sha512-bFI7xcKFELdiNCVov8e44Ia4u2byA+l3XtsAj+Q8tfCwO6BQ8iDojYdvoPMqsKDkuoOo+X6HZA0s0q11ANMQ8A==}
    cpu: [arm]
    os: [linux]

  '@img/sharp-libvips-linux-x64@1.2.4':
    resolution: {integrity: sha512-tJxiiLsmHc9Ax1bz3oaOYBURTXGIRDODBqhveVHonrHJ9/+k89qbLl0bcJns+e4t4rvaNBxaEZsFtSfAdquPrw==}
    cpu: [x64]
    os: [linux]

  '@img/sharp-libvips-linuxmusl-arm64@1.2.4':
    resolution: {integrity: sha512-FVQHuwx1IIuNow9QAbYUzJ+En8KcVm9Lk5+uGUQJHaZmMECZmOlix9HnH7n1TRkXMS0pGxIJokIVB9SuqZGGXw==}
    cpu: [arm64]
    os: [linux]

  '@img/sharp-libvips-linuxmusl-x64@1.2.4':
    resolution: {integrity: sha512-+LpyBk7L44ZIXwz/VYfglaX/okxezESc6UxDSoyo2Ks6Jxc4Y7sGjpgU9s4PMgqgjj1gZCylTieNamqA1MF7Dg==}
    cpu: [x64]
    os: [linux]

  '@img/sharp-linux-arm64@0.34.5':
    resolution: {integrity: sha512-bKQzaJRY/bkPOXyKx5EVup7qkaojECG6NLYswgktOZjaXecSAeCWiZwwiFf3/Y+O1HrauiE3FVsGxFg8c24rZg==}
    engines: {node: ^18.17.0 || ^20.3.0 || >=21.0.0}
    cpu: [arm64]
    os: [linux]

  '@img/sharp-linux-arm@0.34.5':
    resolution: {integrity: sha512-9dLqsvwtg1uuXBGZKsxem9595+ujv0sJ6Vi8wcTANSFpwV/GONat5eCkzQo/1O6zRIkh0m/8+5BjrRr7jDUSZw==}
    engines: {node: ^18.17.0 || ^20.3.0 || >=21.0.0}
    cpu: [arm]
    os: [linux]

  '@img/sharp-linux-x64@0.34.5':
    resolution: {integrity: sha512-MEzd8HPKxVxVenwAa+JRPwEC7QFjoPWuS5NZnBt6B3pu7EG2Ge0id1oLHZpPJdn3OQK+BQDiw9zStiHBTJQQQQ==}
    engines: {node: ^18.17.0 || ^20.3.0 || >=21.0.0}
    cpu: [x64]
    os: [linux]

  '@img/sharp-linuxmusl-arm64@0.34.5':
    resolution: {integrity: sha512-fprJR6GtRsMt6Kyfq44IsChVZeGN97gTD331weR1ex1c1rypDEABN6Tm2xa1wE6lYb5DdEnk03NZPqA7Id21yg==}
    engines: {node: ^18.17.0 || ^20.3.0 || >=21.0.0}
    cpu: [arm64]
    os: [linux]

  '@img/sharp-linuxmusl-x64@0.34.5':
    resolution: {integrity: sha512-Jg8wNT1MUzIvhBFxViqrEhWDGzqymo3sV7z7ZsaWbZNDLXRJZoRGrjulp60YYtV4wfY8VIKcWidjojlLcWrd8Q==}
    engines: {node: ^18.17.0 || ^20.3.0 || >=21.0.0}
    cpu: [x64]
    os: [linux]

  '@img/sharp-win32-arm64@0.34.5':
    resolution: {integrity: sha512-WQ3AgWCWYSb2yt+IG8mnC6Jdk9Whs7O0gxphblsLvdhSpSTtmu69ZG1Gkb6NuvxsNACwiPV6cNSZNzt0KPsw7g==}
    engines: {node: ^18.17.0 || ^20.3.0 || >=21.0.0}
    cpu: [arm64]
    os: [win32]

  '@img/sharp-win32-x64@0.34.5':
    resolution: {integrity: sha512-+29YMsqY2/9eFEiW93eqWnuLcWcufowXewwSNIT6UwZdUUCrM3oFjMWH/Z6/TMmb4hlFenmfAVbpWeup2jryCw==}
    engines: {node: ^18.17.0 || ^20.3.0 || >=21.0.0}
    cpu: [x64]
    os: [win32]

  '@jridgewell/gen-mapping@0.3.13':
    resolution: {integrity: sha512-2kkt/7niJ6MgEPxF0bYdQ6etZaA+fQvDcLKckhy1yIQOzaoKjBBjSj63/aLVjYE3qhRt5dvM+uUyfCg6UKCBbA==}

  '@jridgewell/resolve-uri@3.1.2':
    resolution: {integrity: sha512-bRISgCIjP20/tbWSPWMEi54QVPRZExkuD9lJL+UIxUKtwVJA8wW1Trb1jMs1RFXo1CBTNZ/5hpC9QvmKWdopKw==}
    engines: {node: '>=6.0.0'}

  '@jridgewell/sourcemap-codec@1.5.5':
    resolution: {integrity: sha512-cYQ9310grqxueWbl+WuIUIaiUaDcj7WOq5fVhEljNVgRfOUhY9fy2zTvfoqWsnebh8Sl70VScFbICvJnLKB0Og==}

  '@jridgewell/trace-mapping@0.3.31':
    resolution: {integrity: sha512-zzNR+SdQSDJzc8joaeP8QQoCQr8NuYx2dIIytl1QeBEZHJ9uW6hebsrYgbz8hJwUQao3TWCMtmfV8Nu1twOLAw==}

  '@next/env@14.2.35':
    resolution: {integrity: sha512-DuhvCtj4t9Gwrx80dmz2F4t/zKQ4ktN8WrMwOuVzkJfBilwAwGr6v16M5eI8yCuZ63H9TTuEU09Iu2HqkzFPVQ==}

  '@next/swc-darwin-arm64@14.2.33':
    resolution: {integrity: sha512-HqYnb6pxlsshoSTubdXKu15g3iivcbsMXg4bYpjL2iS/V6aQot+iyF4BUc2qA/J/n55YtvE4PHMKWBKGCF/+wA==}
    engines: {node: '>= 10'}
    cpu: [arm64]
    os: [darwin]

  '@next/swc-darwin-x64@14.2.33':
    resolution: {integrity: sha512-8HGBeAE5rX3jzKvF593XTTFg3gxeU4f+UWnswa6JPhzaR6+zblO5+fjltJWIZc4aUalqTclvN2QtTC37LxvZAA==}
    engines: {node: '>= 10'}
    cpu: [x64]
    os: [darwin]

  '@next/swc-linux-arm64-gnu@14.2.33':
    resolution: {integrity: sha512-JXMBka6lNNmqbkvcTtaX8Gu5by9547bukHQvPoLe9VRBx1gHwzf5tdt4AaezW85HAB3pikcvyqBToRTDA4DeLw==}
    engines: {node: '>= 10'}
    cpu: [arm64]
    os: [linux]

  '@next/swc-linux-arm64-musl@14.2.33':
    resolution: {integrity: sha512-Bm+QulsAItD/x6Ih8wGIMfRJy4G73tu1HJsrccPW6AfqdZd0Sfm5Imhgkgq2+kly065rYMnCOxTBvmvFY1BKfg==}
    engines: {node: '>= 10'}
    cpu: [arm64]
    os: [linux]

  '@next/swc-linux-x64-gnu@14.2.33':
    resolution: {integrity: sha512-FnFn+ZBgsVMbGDsTqo8zsnRzydvsGV8vfiWwUo1LD8FTmPTdV+otGSWKc4LJec0oSexFnCYVO4hX8P8qQKaSlg==}
    engines: {node: '>= 10'}
    cpu: [x64]
    os: [linux]

  '@next/swc-linux-x64-musl@14.2.33':
    resolution: {integrity: sha512-345tsIWMzoXaQndUTDv1qypDRiebFxGYx9pYkhwY4hBRaOLt8UGfiWKr9FSSHs25dFIf8ZqIFaPdy5MljdoawA==}
    engines: {node: '>= 10'}
    cpu: [x64]
    os: [linux]

  '@next/swc-win32-arm64-msvc@14.2.33':
    resolution: {integrity: sha512-nscpt0G6UCTkrT2ppnJnFsYbPDQwmum4GNXYTeoTIdsmMydSKFz9Iny2jpaRupTb+Wl298+Rh82WKzt9LCcqSQ==}
    engines: {node: '>= 10'}
    cpu: [arm64]
    os: [win32]

  '@next/swc-win32-ia32-msvc@14.2.33':
    resolution: {integrity: sha512-pc9LpGNKhJ0dXQhZ5QMmYxtARwwmWLpeocFmVG5Z0DzWq5Uf0izcI8tLc+qOpqxO1PWqZ5A7J1blrUIKrIFc7Q==}
    engines: {node: '>= 10'}
    cpu: [ia32]
    os: [win32]

  '@next/swc-win32-x64-msvc@14.2.33':
    resolution: {integrity: sha512-nOjfZMy8B94MdisuzZo9/57xuFVLHJaDj5e/xrduJp9CV2/HrfxTRH2fbyLe+K9QT41WBLUd4iXX3R7jBp0EUg==}
    engines: {node: '>= 10'}
    cpu: [x64]
    os: [win32]

  '@popperjs/core@2.11.8':
    resolution: {integrity: sha512-P1st0aksCrn9sGZhp8GMYwBnQsbvAWsZAX44oXNNvLHGqAOcoVxmjZiohstwQ7SqKnbR47akdNi+uleWD8+g6A==}

  '@runeltd/hugr@file:..':
    resolution: {directory: .., type: directory}
    engines: {node: '>=18'}
    hasBin: true

  '@swc/counter@0.1.3':
    resolution: {integrity: sha512-e2BR4lsJkkRlKZ/qCHPw9ZaSxc0MVUd7gtbtaB7aMvHeJVYe8sOB8DBZkP2DtISHGSku9sCK6T6cnY0CtXrOCQ==}

  '@swc/helpers@0.5.5':
    resolution: {integrity: sha512-KGYxvIOXcceOAbEk4bi/dVLEK9z8sZ0uBB3Il5b1rhfClSpcX0yfRO0KmTkqR2cnQDymwLB+25ZyMzICg/cm/A==}

  '@types/lodash.mergewith@4.6.9':
    resolution: {integrity: sha512-fgkoCAOF47K7sxrQ7Mlud2TH023itugZs2bUg8h/KzT+BnZNrR2jAOmaokbLunHNnobXVWOezAeNn/lZqwxkcw==}

  '@types/lodash@4.17.24':
    resolution: {integrity: sha512-gIW7lQLZbue7lRSWEFql49QJJWThrTFFeIMJdp3eH4tKoxm1OvEPg02rm4wCCSHS0cL3/Fizimb35b7k8atwsQ==}

  '@types/node@22.19.15':
    resolution: {integrity: sha512-F0R/h2+dsy5wJAUe3tAU6oqa2qbWY5TpNfL/RGmo1y38hiyO1w3x2jPtt76wmuaJI4DQnOBu21cNXQ2STIUUWg==}

  '@types/parse-json@4.0.2':
    resolution: {integrity: sha512-dISoDXWWQwUquiKsyZ4Ng+HX2KsPL7LyHKHQwgGFEA3IaKac4Obd+h2a/a6waisAoepJlBcx9paWqjA8/HVjCw==}

  '@types/prop-types@15.7.15':
    resolution: {integrity: sha512-F6bEyamV9jKGAFBEmlQnesRPGOQqS2+Uwi0Em15xenOxHaf2hv6L8YCVn3rPdPJOiJfPiCnLIRyvwVaqMY3MIw==}

  '@types/react-dom@19.2.3':
    resolution: {integrity: sha512-jp2L/eY6fn+KgVVQAOqYItbF0VY/YApe5Mz2F0aykSO8gx31bYCZyvSeYxCHKvzHG5eZjc+zyaS5BrBWya2+kQ==}
    peerDependencies:
      '@types/react': ^19.2.0

  '@types/react@18.3.28':
    resolution: {integrity: sha512-z9VXpC7MWrhfWipitjNdgCauoMLRdIILQsAEV+ZesIzBq/oUlxk0m3ApZuMFCXdnS4U7KrI+l3WRUEGQ8K1QKw==}

  '@zag-js/dom-query@0.31.1':
    resolution: {integrity: sha512-oiuohEXAXhBxpzzNm9k2VHGEOLC1SXlXSbRPcfBZ9so5NRQUA++zCE7cyQJqGLTZR0t3itFLlZqDbYEXRrefwg==}

  '@zag-js/element-size@0.31.1':
    resolution: {integrity: sha512-4T3yvn5NqqAjhlP326Fv+w9RqMIBbNN9H72g5q2ohwzhSgSfZzrKtjL4rs9axY/cw9UfMfXjRjEE98e5CMq7WQ==}

  '@zag-js/focus-visible@0.31.1':
    resolution: {integrity: sha512-dbLksz7FEwyFoANbpIlNnd3bVm0clQSUsnP8yUVQucStZPsuWjCrhL2jlAbGNrTrahX96ntUMXHb/sM68TibFg==}

  aria-hidden@1.2.6:
    resolution: {integrity: sha512-ik3ZgC9dY/lYVVM++OISsaYDeg1tb0VtP5uL3ouh1koGOaUMDPpbFIei4JkFimWUFPn90sbMNMXQAIVOlnYKJA==}
    engines: {node: '>=10'}

  babel-plugin-macros@3.1.0:
    resolution: {integrity: sha512-Cg7TFGpIr01vOQNODXOOaGz2NpCU5gl8x1qJFbb6hbZxR7XrcE2vtbAsTAbJ7/xwJtUuJEw8K8Zr/AE0LHlesg==}
    engines: {node: '>=10', npm: '>=6'}

  busboy@1.6.0:
    resolution: {integrity: sha512-8SFQbg/0hQ9xy3UNTB0YEnsNBbWfhf7RtnzpL7TkBiTBRfrQ9Fxcnz7VJsleJpyp6rVLvXiuORqjlHi5q+PYuA==}
    engines: {node: '>=10.16.0'}

  callsites@3.1.0:
    resolution: {integrity: sha512-P8BjAsXvZS+VIDUI11hHCQEv74YT67YUi5JJFNWIqL235sBmjX4+qx9Muvls5ivyNENctx46xQLQ3aTuE7ssaQ==}
    engines: {node: '>=6'}

  caniuse-lite@1.0.30001780:
    resolution: {integrity: sha512-llngX0E7nQci5BPJDqoZSbuZ5Bcs9F5db7EtgfwBerX9XGtkkiO4NwfDDIRzHTTwcYC8vC7bmeUEPGrKlR/TkQ==}

  client-only@0.0.1:
    resolution: {integrity: sha512-IV3Ou0jSMzZrd3pZ48nLkT9DA7Ag1pnPzaiQhpW7c3RbcqqzvzzVu+L8gfqMp/8IM2MQtSiqaCxrrcfu8I8rMA==}

  color2k@2.0.3:
    resolution: {integrity: sha512-zW190nQTIoXcGCaU08DvVNFTmQhUpnJfVuAKfWqUQkflXKpaDdpaYoM0iluLS9lgJNHyBF58KKA2FBEwkD7wog==}

  convert-source-map@1.9.0:
    resolution: {integrity: sha512-ASFBup0Mz1uyiIjANan1jzLQami9z1PoYSZCiiYW2FczPbenXc45FZdBZLzOT+r6+iciuEModtmCti+hjaAk0A==}

  copy-to-clipboard@3.3.3:
    resolution: {integrity: sha512-2KV8NhB5JqC3ky0r9PMCAZKbUHSwtEo4CwCs0KXgruG43gX5PMqDEBbVU4OUzw2MuAWUfsuFmWvEKG5QRfSnJA==}

  cosmiconfig@7.1.0:
    resolution: {integrity: sha512-AdmX6xUzdNASswsFtmwSt7Vj8po9IuqXm0UXz7QKPuEUmPB4XyjGfaAr2PSuELMwkRMVH1EpIkX5bTZGRB3eCA==}
    engines: {node: '>=10'}

  csstype@3.2.3:
    resolution: {integrity: sha512-z1HGKcYy2xA8AGQfwrn0PAy+PB7X/GSj3UVJW9qKyn43xWa+gl5nXmU4qqLMRzWVLFC8KusUX8T/0kCiOYpAIQ==}

  debug@4.4.3:
    resolution: {integrity: sha512-RGwwWnwQvkVfavKVt22FGLw+xYSdzARwm0ru6DhTVA3umU5hZc28V3kO4stgYryrTlLpuvgI9GiijltAjNbcqA==}
    engines: {node: '>=6.0'}
    peerDependencies:
      supports-color: '*'
    peerDependenciesMeta:
      supports-color:
        optional: true

  detect-node-es@1.1.0:
    resolution: {integrity: sha512-ypdmJU/TbBby2Dxibuv7ZLW3Bs1QEmM7nHjEANfohJLvE0XVujisn1qPJcZxg+qDucsr+bP6fLD1rPS3AhJ7EQ==}

  error-ex@1.3.4:
    resolution: {integrity: sha512-sqQamAnR14VgCr1A618A3sGrygcpK+HEbenA/HiEAkkUwcZIIB/tgWqHFxWgOyDh4nB4JCRimh79dR5Ywc9MDQ==}

  escape-string-regexp@4.0.0:
    resolution: {integrity: sha512-TtpcNJ3XAzx3Gq8sWRzJaVajRs0uVxA2YAkdb1jm2YkPz4G6egUFAyA3n5vtEIZefPk5Wa4UXbKuS5fKkJWdgA==}
    engines: {node: '>=10'}

  find-root@1.1.0:
    resolution: {integrity: sha512-NKfW6bec6GfKc0SGx1e07QZY9PE99u0Bft/0rzSD5k3sO/vwkVUpDUKVm5Gpp5Ue3YfShPFTX2070tDs5kB9Ng==}

  focus-lock@1.3.6:
    resolution: {integrity: sha512-Ik/6OCk9RQQ0T5Xw+hKNLWrjSMtv51dD4GRmJjbD5a58TIEpI5a5iXagKVl3Z5UuyslMCA8Xwnu76jQob62Yhg==}
    engines: {node: '>=10'}

  framer-motion@11.18.2:
    resolution: {integrity: sha512-5F5Och7wrvtLVElIpclDT0CBzMVg3dL22B64aZwHtsIY8RB4mXICLrkajK4G9R+ieSAGcgrLeae2SeUTg2pr6w==}
    peerDependencies:
      '@emotion/is-prop-valid': '*'
      react: ^18.0.0 || ^19.0.0
      react-dom: ^18.0.0 || ^19.0.0
    peerDependenciesMeta:
      '@emotion/is-prop-valid':
        optional: true
      react:
        optional: true
      react-dom:
        optional: true

  framesync@6.1.2:
    resolution: {integrity: sha512-jBTqhX6KaQVDyus8muwZbBeGGP0XgujBRbQ7gM7BRdS3CadCZIHiawyzYLnafYcvZIh5j8WE7cxZKFn7dXhu9g==}

  function-bind@1.1.2:
    resolution: {integrity: sha512-7XHNxH7qX9xG5mIwxkhumTox/MIRNcOgDrxWsMt2pAr23WHp6MrRlN7FBSFpCpr+oVO0F744iUgR82nJMfG2SA==}

  get-nonce@1.0.1:
    resolution: {integrity: sha512-FJhYRoDaiatfEkUK8HKlicmu/3SGFD51q3itKDGoSTysQJBnfOcxU5GxnhE1E6soB76MbT0MBtnKJuXyAx+96Q==}
    engines: {node: '>=6'}

  graceful-fs@4.2.11:
    resolution: {integrity: sha512-RbJ5/jmFcNNCcDV5o9eTnBLJ/HszWV0P73bc+Ff4nS/rJj+YaS6IGyiOL0VoBYX+l1Wrl3k63h/KrH+nhJ0XvQ==}

  hasown@2.0.2:
    resolution: {integrity: sha512-0hJU9SCPvmMzIBdZFqNPXWa6dqh7WdH0cII9y+CyS8rG3nL48Bclra9HmKhVVUHyPWNH5Y7xDwAB7bfgSjkUMQ==}
    engines: {node: '>= 0.4'}

  hoist-non-react-statics@3.3.2:
    resolution: {integrity: sha512-/gGivxi8JPKWNm/W0jSmzcMPpfpPLc3dY/6GxhX2hQ9iGj3aDfklV4ET7NjKpSinLpJ5vafa9iiGIEZg10SfBw==}

  import-fresh@3.3.1:
    resolution: {integrity: sha512-TR3KfrTZTYLPB6jUjfx6MF9WcWrHL9su5TObK4ZkYgBdWKPOFoSoQIdEuTuR82pmtxH2spWG9h6etwfr1pLBqQ==}
    engines: {node: '>=6'}

  is-arrayish@0.2.1:
    resolution: {integrity: sha512-zz06S8t0ozoDXMG+ube26zeCTNXcKIPJZJi8hBrF4idCLms4CG9QtK7qBl1boi5ODzFpjswb5JPmHCbMpjaYzg==}

  is-core-module@2.16.1:
    resolution: {integrity: sha512-UfoeMA6fIJ8wTYFEUjelnaGI67v6+N7qXJEvQuIGa99l4xsCruSYOVSQ0uPANn4dAzm8lkYPaKLrrijLq7x23w==}
    engines: {node: '>= 0.4'}

  js-tokens@4.0.0:
    resolution: {integrity: sha512-RdJUflcE3cUzKiMqQgsCu06FPu9UdIJO0beYbPhHN4k6apgJtifcoCtT9bcxOpYBtpD2kCM6Sbzg4CausW/PKQ==}

  jsesc@3.1.0:
    resolution: {integrity: sha512-/sM3dO2FOzXjKQhJuo0Q173wf2KOo8t4I8vHy6lF9poUp7bKT0/NHE8fPX23PwfhnykfqnC2xRxOnVw5XuGIaA==}
    engines: {node: '>=6'}
    hasBin: true

  json-parse-even-better-errors@2.3.1:
    resolution: {integrity: sha512-xyFwyhro/JEof6Ghe2iz2NcXoj2sloNsWr/XsERDK/oiPCfaNhl5ONfp+jQdAZRQQ0IJWNzH9zIZF7li91kh2w==}

  lines-and-columns@1.2.4:
    resolution: {integrity: sha512-7ylylesZQ/PV29jhEDl3Ufjo6ZX7gCqJr5F7PKrqc93v7fzSymt1BpwEU8nAUXs8qzzvqhbjhK5QZg6Mt/HkBg==}

  lodash.mergewith@4.6.2:
    resolution: {integrity: sha512-GK3g5RPZWTRSeLSpgP8Xhra+pnjBC56q9FZYe1d5RN3TJ35dbkGy3YqBSMbyCrlbi+CM9Z3Jk5yTL7RCsqboyQ==}

  loose-envify@1.4.0:
    resolution: {integrity: sha512-lyuxPGr/Wfhrlem2CL/UcnUc1zcqKAImBDzukY7Y5F/yQiNdko6+fRLevlw1HgMySw7f611UIY408EtxRSoK3Q==}
    hasBin: true

  lucide-react@0.441.0:
    resolution: {integrity: sha512-0vfExYtvSDhkC2lqg0zYVW1Uu9GsI4knuV9GP9by5z0Xhc4Zi5RejTxfz9LsjRmCyWVzHCJvxGKZWcRyvQCWVg==}
    peerDependencies:
      react: ^16.5.1 || ^17.0.0 || ^18.0.0 || ^19.0.0-rc

  motion-dom@11.18.1:
    resolution: {integrity: sha512-g76KvA001z+atjfxczdRtw/RXOM3OMSdd1f4DL77qCTF/+avrRJiawSG4yDibEQ215sr9kpinSlX2pCTJ9zbhw==}

  motion-utils@11.18.1:
    resolution: {integrity: sha512-49Kt+HKjtbJKLtgO/LKj9Ld+6vw9BjH5d9sc40R/kVyH8GLAXgT42M2NnuPcJNuA3s9ZfZBUcwIgpmZWGEE+hA==}

  ms@2.1.3:
    resolution: {integrity: sha512-6FlzubTLZG3J2a/NVCAleEhjzq5oxgHyaCU9yYXvcLsvoVaHJq/s5xXI6/XXP6tz7R9xAOtHnSO/tXtF3WRTlA==}

  nanoid@3.3.11:
    resolution: {integrity: sha512-N8SpfPUnUp1bK+PMYW8qSWdl9U+wwNWI4QKxOYDy9JAro3WMX7p2OeVRF9v+347pnakNevPmiHhNmZ2HbFA76w==}
    engines: {node: ^10 || ^12 || ^13.7 || ^14 || >=15.0.1}
    hasBin: true

  next@14.2.35:
    resolution: {integrity: sha512-KhYd2Hjt/O1/1aZVX3dCwGXM1QmOV4eNM2UTacK5gipDdPN/oHHK/4oVGy7X8GMfPMsUTUEmGlsy0EY1YGAkig==}
    engines: {node: '>=18.17.0'}
    hasBin: true
    peerDependencies:
      '@opentelemetry/api': ^1.1.0
      '@playwright/test': ^1.41.2
      react: ^18.2.0
      react-dom: ^18.2.0
      sass: ^1.3.0
    peerDependenciesMeta:
      '@opentelemetry/api':
        optional: true
      '@playwright/test':
        optional: true
      sass:
        optional: true

  object-assign@4.1.1:
    resolution: {integrity: sha512-rJgTQnkUnH1sFw8yT6VSU3zD3sWmu6sZhIseY8VX+GRu3P6F7Fu+JNDoXfklElbLJSnc3FUQHVe4cU5hj+BcUg==}
    engines: {node: '>=0.10.0'}

  parent-module@1.0.1:
    resolution: {integrity: sha512-GQ2EWRpQV8/o+Aw8YqtfZZPfNRWZYkbidE9k5rpl/hC3vtHHBfGm2Ifi6qWV+coDGkrUKZAxE3Lot5kcsRlh+g==}
    engines: {node: '>=6'}

  parse-json@5.2.0:
    resolution: {integrity: sha512-ayCKvm/phCGxOkYRSCM82iDwct8/EonSEgCSxWxD7ve6jHggsFl4fZVQBPRNgQoKiuV/odhFrGzQXZwbifC8Rg==}
    engines: {node: '>=8'}

  path-parse@1.0.7:
    resolution: {integrity: sha512-LDJzPVEEEPR+y48z93A0Ed0yXb8pAByGWo/k5YYdYgpY2/2EsOsksJrq7lOHxryrVOn1ejG6oAp8ahvOIQD8sw==}

  path-type@4.0.0:
    resolution: {integrity: sha512-gDKb8aZMDeD/tZWs9P6+q0J9Mwkdl6xMV8TjnGP3qJVJ06bdMgkbBlLU8IdfOsIsFz2BW1rNVT3XuNEl8zPAvw==}
    engines: {node: '>=8'}

  picocolors@1.1.1:
    resolution: {integrity: sha512-xceH2snhtb5M9liqDsmEw56le376mTZkEX/jEb/RxNFyegNul7eNslCXP9FDj/Lcu0X8KEyMceP2ntpaHrDEVA==}

  postcss@8.4.31:
    resolution: {integrity: sha512-PS08Iboia9mts/2ygV3eLpY5ghnUcfLV/EXTOW1E2qYxJKGGBUtNjN76FYHnMs36RmARn41bC0AZmn+rR0OVpQ==}
    engines: {node: ^10 || ^12 || >=14}

  prop-types@15.8.1:
    resolution: {integrity: sha512-oj87CgZICdulUohogVAR7AjlC0327U4el4L6eAvOqCeudMDVU0NThNaV+b9Df4dXgSP1gXMTnPdhfe/2qDH5cg==}

  react-clientside-effect@1.2.8:
    resolution: {integrity: sha512-ma2FePH0z3px2+WOu6h+YycZcEvFmmxIlAb62cF52bG86eMySciO/EQZeQMXd07kPCYB0a1dWDT5J+KE9mCDUw==}
    peerDependencies:
      react: ^16.8.0 || ^17.0.0 || ^18.0.0 || ^19.0.0 || ^19.0.0-rc

  react-dom@19.2.4:
    resolution: {integrity: sha512-AXJdLo8kgMbimY95O2aKQqsz2iWi9jMgKJhRBAxECE4IFxfcazB2LmzloIoibJI3C12IlY20+KFaLv+71bUJeQ==}
    peerDependencies:
      react: ^19.2.4

  react-fast-compare@3.2.2:
    resolution: {integrity: sha512-nsO+KSNgo1SbJqJEYRE9ERzo7YtYbou/OqjSQKxV7jcKox7+usiUVZOAC+XnDOABXggQTno0Y1CpVnuWEc1boQ==}

  react-focus-lock@2.13.7:
    resolution: {integrity: sha512-20lpZHEQrXPb+pp1tzd4ULL6DyO5D2KnR0G69tTDdydrmNhU7pdFmbQUYVyHUgp+xN29IuFR0PVuhOmvaZL9Og==}
    peerDependencies:
      '@types/react': '*'
      react: ^16.8.0 || ^17.0.0 || ^18.0.0 || ^19.0.0 || ^19.0.0-rc
    peerDependenciesMeta:
      '@types/react':
        optional: true

  react-is@16.13.1:
    resolution: {integrity: sha512-24e6ynE2H+OKt4kqsOvNd8kBpV65zoxbA4BVsEOB3ARVWQki/DHzaUoC5KuON/BiccDaCCTZBuOcfZs70kR8bQ==}

  react-remove-scroll-bar@2.3.8:
    resolution: {integrity: sha512-9r+yi9+mgU33AKcj6IbT9oRCO78WriSj6t/cF8DWBZJ9aOGPOTEDvdUDz1FwKim7QXWwmHqtdHnRJfhAxEG46Q==}
    engines: {node: '>=10'}
    peerDependencies:
      '@types/react': '*'
      react: ^16.8.0 || ^17.0.0 || ^18.0.0 || ^19.0.0
    peerDependenciesMeta:
      '@types/react':
        optional: true

  react-remove-scroll@2.7.2:
    resolution: {integrity: sha512-Iqb9NjCCTt6Hf+vOdNIZGdTiH1QSqr27H/Ek9sv/a97gfueI/5h1s3yRi1nngzMUaOOToin5dI1dXKdXiF+u0Q==}
    engines: {node: '>=10'}
    peerDependencies:
      '@types/react': '*'
      react: ^16.8.0 || ^17.0.0 || ^18.0.0 || ^19.0.0 || ^19.0.0-rc
    peerDependenciesMeta:
      '@types/react':
        optional: true

  react-style-singleton@2.2.3:
    resolution: {integrity: sha512-b6jSvxvVnyptAiLjbkWLE/lOnR4lfTtDAl+eUC7RZy+QQWc6wRzIV2CE6xBuMmDxc2qIihtDCZD5NPOFl7fRBQ==}
    engines: {node: '>=10'}
    peerDependencies:
      '@types/react': '*'
      react: ^16.8.0 || ^17.0.0 || ^18.0.0 || ^19.0.0 || ^19.0.0-rc
    peerDependenciesMeta:
      '@types/react':
        optional: true

  react@18.3.1:
    resolution: {integrity: sha512-wS+hAgJShR0KhEvPJArfuPVN1+Hz1t0Y6n5jLrGQbkb4urgPE/0Rve+1kMB1v/oWgHgm4WIcV+i7F2pTVj+2iQ==}
    engines: {node: '>=0.10.0'}

  resolve-from@4.0.0:
    resolution: {integrity: sha512-pb/MYmXstAkysRFx8piNI1tGFNQIFA3vkE3Gq4EuA1dF6gHp/+vgZqsCGJapvy8N3Q+4o7FwvquPJcnZ7RYy4g==}
    engines: {node: '>=4'}

  resolve@1.22.11:
    resolution: {integrity: sha512-RfqAvLnMl313r7c9oclB1HhUEAezcpLjz95wFH4LVuhk9JF/r22qmVP9AMmOU4vMX7Q8pN8jwNg/CSpdFnMjTQ==}
    engines: {node: '>= 0.4'}
    hasBin: true

  scheduler@0.27.0:
    resolution: {integrity: sha512-eNv+WrVbKu1f3vbYJT/xtiF5syA5HPIMtf9IgY/nKg0sWqzAUEvqY/xm7OcZc/qafLx/iO9FgOmeSAp4v5ti/Q==}

  source-map-js@1.2.1:
    resolution: {integrity: sha512-UXWMKhLOwVKb728IUtQPXxfYU+usdybtUrK/8uGE8CQMvrhOpwvzDBwj0QhSL7MQc7vIsISBG8VQ8+IDQxpfQA==}
    engines: {node: '>=0.10.0'}

  source-map@0.5.7:
    resolution: {integrity: sha512-LbrmJOMUSdEVxIKvdcJzQC+nQhe8FUZQTXQy6+I75skNgn3OoQ0DZA8YnFa7gp8tqtL3KPf1kmo0R5DoApeSGQ==}
    engines: {node: '>=0.10.0'}

  streamsearch@1.1.0:
    resolution: {integrity: sha512-Mcc5wHehp9aXz1ax6bZUyY5afg9u2rv5cqQI3mRrYkGC8rW2hM02jWuwjtL++LS5qinSyhj2QfLyNsuc+VsExg==}
    engines: {node: '>=10.0.0'}

  styled-jsx@5.1.1:
    resolution: {integrity: sha512-pW7uC1l4mBZ8ugbiZrcIsiIvVx1UmTfw7UkC3Um2tmfUq9Bhk8IiyEIPl6F8agHgjzku6j0xQEZbfA5uSgSaCw==}
    engines: {node: '>= 12.0.0'}
    peerDependencies:
      '@babel/core': '*'
      babel-plugin-macros: '*'
      react: '>= 16.8.0 || 17.x.x || ^18.0.0-0'
    peerDependenciesMeta:
      '@babel/core':
        optional: true
      babel-plugin-macros:
        optional: true

  stylis@4.2.0:
    resolution: {integrity: sha512-Orov6g6BB1sDfYgzWfTHDOxamtX1bE/zo104Dh9e6fqJ3PooipYyfJ0pUmrZO2wAvO8YbEyeFrkV91XTsGMSrw==}

  supports-preserve-symlinks-flag@1.0.0:
    resolution: {integrity: sha512-ot0WnXS9fgdkgIcePe6RHNk1WA8+muPa6cSjeR3V8K27q9BB1rTE3R1p7Hv0z1ZyAc8s6Vvv8DIyWf681MAt0w==}
    engines: {node: '>= 0.4'}

  toggle-selection@1.0.6:
    resolution: {integrity: sha512-BiZS+C1OS8g/q2RRbJmy59xpyghNBqrr6k5L/uKBGRsTfxmu3ffiRnd8mlGPUVayg8pvfi5urfnu8TU7DVOkLQ==}

  tslib@2.4.0:
    resolution: {integrity: sha512-d6xOpEDfsi2CZVlPQzGeux8XMwLT9hssAsaPYExaQMuYskwb+x1x7J371tWlbBdWHroy99KnVB6qIkUbs5X3UQ==}

  tslib@2.8.1:
    resolution: {integrity: sha512-oJFu94HQb+KVduSUQL7wnpmqnfmLsOA/nAh6b6EH0wCEoK0/mPeXU6c3wKDV83MkOuHPRHtSXKKU99IBazS/2w==}

  typescript@5.9.3:
    resolution: {integrity: sha512-jl1vZzPDinLr9eUt3J/t7V6FgNEw9QjvBPdysz9KfQDD41fQrC2Y4vKQdiaUpFT4bXlb1RHhLpp8wtm6M5TgSw==}
    engines: {node: '>=14.17'}
    hasBin: true

  undici-types@6.21.0:
    resolution: {integrity: sha512-iwDZqg0QAGrg9Rav5H4n0M64c3mkR59cJ6wQp+7C4nI0gsmExaedaYLNO44eT4AtBBwjbTiGPMlt2Md0T9H9JQ==}

  use-callback-ref@1.3.3:
    resolution: {integrity: sha512-jQL3lRnocaFtu3V00JToYz/4QkNWswxijDaCVNZRiRTO3HQDLsdu1ZtmIUvV4yPp+rvWm5j0y0TG/S61cuijTg==}
    engines: {node: '>=10'}
    peerDependencies:
      '@types/react': '*'
      react: ^16.8.0 || ^17.0.0 || ^18.0.0 || ^19.0.0 || ^19.0.0-rc
    peerDependenciesMeta:
      '@types/react':
        optional: true

  use-sidecar@1.1.3:
    resolution: {integrity: sha512-Fedw0aZvkhynoPYlA5WXrMCAMm+nSWdZt6lzJQ7Ok8S6Q+VsHmHpRWndVRJ8Be0ZbkfPc5LRYH+5XrzXcEeLRQ==}
    engines: {node: '>=10'}
    peerDependencies:
      '@types/react': '*'
      react: ^16.8.0 || ^17.0.0 || ^18.0.0 || ^19.0.0 || ^19.0.0-rc
    peerDependenciesMeta:
      '@types/react':
        optional: true

  yaml@1.10.3:
    resolution: {integrity: sha512-vIYeF1u3CjlhAFekPPAk2h/Kv4T3mAkMox5OymRiJQB0spDP10LHvt+K7G9Ny6NuuMAb25/6n1qyUjAcGNf/AA==}
    engines: {node: '>= 6'}

  yaml@2.8.3:
    resolution: {integrity: sha512-AvbaCLOO2Otw/lW5bmh9d/WEdcDFdQp2Z2ZUH3pX9U2ihyUY0nvLv7J6TrWowklRGPYbB/IuIMfYgxaCPg5Bpg==}
    engines: {node: '>= 14.6'}
    hasBin: true

  zod@4.3.6:
    resolution: {integrity: sha512-rftlrkhHZOcjDwkGlnUtZZkvaPHCsDATp4pGpuOOMDaTdDDXF91wuVDJoWoPsKX/3YPQ5fHuF3STjcYyKr+Qhg==}

snapshots:

  '@anthropic-ai/claude-agent-sdk@0.2.81(zod@4.3.6)':
    dependencies:
      zod: 4.3.6
    optionalDependencies:
      '@img/sharp-darwin-arm64': 0.34.5
      '@img/sharp-darwin-x64': 0.34.5
      '@img/sharp-linux-arm': 0.34.5
      '@img/sharp-linux-arm64': 0.34.5
      '@img/sharp-linux-x64': 0.34.5
      '@img/sharp-linuxmusl-arm64': 0.34.5
      '@img/sharp-linuxmusl-x64': 0.34.5
      '@img/sharp-win32-arm64': 0.34.5
      '@img/sharp-win32-x64': 0.34.5

  '@babel/code-frame@7.29.0':
    dependencies:
      '@babel/helper-validator-identifier': 7.28.5
      js-tokens: 4.0.0
      picocolors: 1.1.1

  '@babel/generator@7.29.1':
    dependencies:
      '@babel/parser': 7.29.2
      '@babel/types': 7.29.0
      '@jridgewell/gen-mapping': 0.3.13
      '@jridgewell/trace-mapping': 0.3.31
      jsesc: 3.1.0

  '@babel/helper-globals@7.28.0': {}

  '@babel/helper-module-imports@7.28.6':
    dependencies:
      '@babel/traverse': 7.29.0
      '@babel/types': 7.29.0
    transitivePeerDependencies:
      - supports-color

  '@babel/helper-string-parser@7.27.1': {}

  '@babel/helper-validator-identifier@7.28.5': {}

  '@babel/parser@7.29.2':
    dependencies:
      '@babel/types': 7.29.0

  '@babel/runtime@7.29.2': {}

  '@babel/template@7.28.6':
    dependencies:
      '@babel/code-frame': 7.29.0
      '@babel/parser': 7.29.2
      '@babel/types': 7.29.0

  '@babel/traverse@7.29.0':
    dependencies:
      '@babel/code-frame': 7.29.0
      '@babel/generator': 7.29.1
      '@babel/helper-globals': 7.28.0
      '@babel/parser': 7.29.2
      '@babel/template': 7.28.6
      '@babel/types': 7.29.0
      debug: 4.4.3
    transitivePeerDependencies:
      - supports-color

  '@babel/types@7.29.0':
    dependencies:
      '@babel/helper-string-parser': 7.27.1
      '@babel/helper-validator-identifier': 7.28.5

  '@chakra-ui/anatomy@2.3.6': {}

  '@chakra-ui/hooks@2.4.5(react@18.3.1)':
    dependencies:
      '@chakra-ui/utils': 2.2.5(react@18.3.1)
      '@zag-js/element-size': 0.31.1
      copy-to-clipboard: 3.3.3
      framesync: 6.1.2
      react: 18.3.1

  '@chakra-ui/icons@2.2.4(@chakra-ui/react@2.10.9(@emotion/react@11.14.0(@types/react@18.3.28)(react@18.3.1))(@emotion/styled@11.14.1(@emotion/react@11.14.0(@types/react@18.3.28)(react@18.3.1))(@types/react@18.3.28)(react@18.3.1))(@types/react@18.3.28)(framer-motion@11.18.2(@emotion/is-prop-valid@1.4.0)(react-dom@19.2.4(react@18.3.1))(react@18.3.1))(react-dom@19.2.4(react@18.3.1))(react@18.3.1))(react@18.3.1)':
    dependencies:
      '@chakra-ui/react': 2.10.9(@emotion/react@11.14.0(@types/react@18.3.28)(react@18.3.1))(@emotion/styled@11.14.1(@emotion/react@11.14.0(@types/react@18.3.28)(react@18.3.1))(@types/react@18.3.28)(react@18.3.1))(@types/react@18.3.28)(framer-motion@11.18.2(@emotion/is-prop-valid@1.4.0)(react-dom@19.2.4(react@18.3.1))(react@18.3.1))(react-dom@19.2.4(react@18.3.1))(react@18.3.1)
      react: 18.3.1

  '@chakra-ui/react@2.10.9(@emotion/react@11.14.0(@types/react@18.3.28)(react@18.3.1))(@emotion/styled@11.14.1(@emotion/react@11.14.0(@types/react@18.3.28)(react@18.3.1))(@types/react@18.3.28)(react@18.3.1))(@types/react@18.3.28)(framer-motion@11.18.2(@emotion/is-prop-valid@1.4.0)(react-dom@19.2.4(react@18.3.1))(react@18.3.1))(react-dom@19.2.4(react@18.3.1))(react@18.3.1)':
    dependencies:
      '@chakra-ui/hooks': 2.4.5(react@18.3.1)
      '@chakra-ui/styled-system': 2.12.4(react@18.3.1)
      '@chakra-ui/theme': 3.4.9(@chakra-ui/styled-system@2.12.4(react@18.3.1))(react@18.3.1)
      '@chakra-ui/utils': 2.2.5(react@18.3.1)
      '@emotion/react': 11.14.0(@types/react@18.3.28)(react@18.3.1)
      '@emotion/styled': 11.14.1(@emotion/react@11.14.0(@types/react@18.3.28)(react@18.3.1))(@types/react@18.3.28)(react@18.3.1)
      '@popperjs/core': 2.11.8
      '@zag-js/focus-visible': 0.31.1
      aria-hidden: 1.2.6
      framer-motion: 11.18.2(@emotion/is-prop-valid@1.4.0)(react-dom@19.2.4(react@18.3.1))(react@18.3.1)
      react: 18.3.1
      react-dom: 19.2.4(react@18.3.1)
      react-fast-compare: 3.2.2
      react-focus-lock: 2.13.7(@types/react@18.3.28)(react@18.3.1)
      react-remove-scroll: 2.7.2(@types/react@18.3.28)(react@18.3.1)
    transitivePeerDependencies:
      - '@types/react'

  '@chakra-ui/styled-system@2.12.4(react@18.3.1)':
    dependencies:
      '@chakra-ui/utils': 2.2.5(react@18.3.1)
      csstype: 3.2.3
    transitivePeerDependencies:
      - react

  '@chakra-ui/theme-tools@2.2.9(@chakra-ui/styled-system@2.12.4(react@18.3.1))(react@18.3.1)':
    dependencies:
      '@chakra-ui/anatomy': 2.3.6
      '@chakra-ui/styled-system': 2.12.4(react@18.3.1)
      '@chakra-ui/utils': 2.2.5(react@18.3.1)
      color2k: 2.0.3
    transitivePeerDependencies:
      - react

  '@chakra-ui/theme@3.4.9(@chakra-ui/styled-system@2.12.4(react@18.3.1))(react@18.3.1)':
    dependencies:
      '@chakra-ui/anatomy': 2.3.6
      '@chakra-ui/styled-system': 2.12.4(react@18.3.1)
      '@chakra-ui/theme-tools': 2.2.9(@chakra-ui/styled-system@2.12.4(react@18.3.1))(react@18.3.1)
      '@chakra-ui/utils': 2.2.5(react@18.3.1)
    transitivePeerDependencies:
      - react

  '@chakra-ui/utils@2.2.5(react@18.3.1)':
    dependencies:
      '@types/lodash.mergewith': 4.6.9
      lodash.mergewith: 4.6.2
      react: 18.3.1

  '@emotion/babel-plugin@11.13.5':
    dependencies:
      '@babel/helper-module-imports': 7.28.6
      '@babel/runtime': 7.29.2
      '@emotion/hash': 0.9.2
      '@emotion/memoize': 0.9.0
      '@emotion/serialize': 1.3.3
      babel-plugin-macros: 3.1.0
      convert-source-map: 1.9.0
      escape-string-regexp: 4.0.0
      find-root: 1.1.0
      source-map: 0.5.7
      stylis: 4.2.0
    transitivePeerDependencies:
      - supports-color

  '@emotion/cache@11.14.0':
    dependencies:
      '@emotion/memoize': 0.9.0
      '@emotion/sheet': 1.4.0
      '@emotion/utils': 1.4.2
      '@emotion/weak-memoize': 0.4.0
      stylis: 4.2.0

  '@emotion/hash@0.9.2': {}

  '@emotion/is-prop-valid@1.4.0':
    dependencies:
      '@emotion/memoize': 0.9.0

  '@emotion/memoize@0.9.0': {}

  '@emotion/react@11.14.0(@types/react@18.3.28)(react@18.3.1)':
    dependencies:
      '@babel/runtime': 7.29.2
      '@emotion/babel-plugin': 11.13.5
      '@emotion/cache': 11.14.0
      '@emotion/serialize': 1.3.3
      '@emotion/use-insertion-effect-with-fallbacks': 1.2.0(react@18.3.1)
      '@emotion/utils': 1.4.2
      '@emotion/weak-memoize': 0.4.0
      hoist-non-react-statics: 3.3.2
      react: 18.3.1
    optionalDependencies:
      '@types/react': 18.3.28
    transitivePeerDependencies:
      - supports-color

  '@emotion/serialize@1.3.3':
    dependencies:
      '@emotion/hash': 0.9.2
      '@emotion/memoize': 0.9.0
      '@emotion/unitless': 0.10.0
      '@emotion/utils': 1.4.2
      csstype: 3.2.3

  '@emotion/sheet@1.4.0': {}

  '@emotion/styled@11.14.1(@emotion/react@11.14.0(@types/react@18.3.28)(react@18.3.1))(@types/react@18.3.28)(react@18.3.1)':
    dependencies:
      '@babel/runtime': 7.29.2
      '@emotion/babel-plugin': 11.13.5
      '@emotion/is-prop-valid': 1.4.0
      '@emotion/react': 11.14.0(@types/react@18.3.28)(react@18.3.1)
      '@emotion/serialize': 1.3.3
      '@emotion/use-insertion-effect-with-fallbacks': 1.2.0(react@18.3.1)
      '@emotion/utils': 1.4.2
      react: 18.3.1
    optionalDependencies:
      '@types/react': 18.3.28
    transitivePeerDependencies:
      - supports-color

  '@emotion/unitless@0.10.0': {}

  '@emotion/use-insertion-effect-with-fallbacks@1.2.0(react@18.3.1)':
    dependencies:
      react: 18.3.1

  '@emotion/utils@1.4.2': {}

  '@emotion/weak-memoize@0.4.0': {}

  '@img/sharp-darwin-arm64@0.34.5':
    optionalDependencies:
      '@img/sharp-libvips-darwin-arm64': 1.2.4
    optional: true

  '@img/sharp-darwin-x64@0.34.5':
    optionalDependencies:
      '@img/sharp-libvips-darwin-x64': 1.2.4
    optional: true

  '@img/sharp-libvips-darwin-arm64@1.2.4':
    optional: true

  '@img/sharp-libvips-darwin-x64@1.2.4':
    optional: true

  '@img/sharp-libvips-linux-arm64@1.2.4':
    optional: true

  '@img/sharp-libvips-linux-arm@1.2.4':
    optional: true

  '@img/sharp-libvips-linux-x64@1.2.4':
    optional: true

  '@img/sharp-libvips-linuxmusl-arm64@1.2.4':
    optional: true

  '@img/sharp-libvips-linuxmusl-x64@1.2.4':
    optional: true

  '@img/sharp-linux-arm64@0.34.5':
    optionalDependencies:
      '@img/sharp-libvips-linux-arm64': 1.2.4
    optional: true

  '@img/sharp-linux-arm@0.34.5':
    optionalDependencies:
      '@img/sharp-libvips-linux-arm': 1.2.4
    optional: true

  '@img/sharp-linux-x64@0.34.5':
    optionalDependencies:
      '@img/sharp-libvips-linux-x64': 1.2.4
    optional: true

  '@img/sharp-linuxmusl-arm64@0.34.5':
    optionalDependencies:
      '@img/sharp-libvips-linuxmusl-arm64': 1.2.4
    optional: true

  '@img/sharp-linuxmusl-x64@0.34.5':
    optionalDependencies:
      '@img/sharp-libvips-linuxmusl-x64': 1.2.4
    optional: true

  '@img/sharp-win32-arm64@0.34.5':
    optional: true

  '@img/sharp-win32-x64@0.34.5':
    optional: true

  '@jridgewell/gen-mapping@0.3.13':
    dependencies:
      '@jridgewell/sourcemap-codec': 1.5.5
      '@jridgewell/trace-mapping': 0.3.31

  '@jridgewell/resolve-uri@3.1.2': {}

  '@jridgewell/sourcemap-codec@1.5.5': {}

  '@jridgewell/trace-mapping@0.3.31':
    dependencies:
      '@jridgewell/resolve-uri': 3.1.2
      '@jridgewell/sourcemap-codec': 1.5.5

  '@next/env@14.2.35': {}

  '@next/swc-darwin-arm64@14.2.33':
    optional: true

  '@next/swc-darwin-x64@14.2.33':
    optional: true

  '@next/swc-linux-arm64-gnu@14.2.33':
    optional: true

  '@next/swc-linux-arm64-musl@14.2.33':
    optional: true

  '@next/swc-linux-x64-gnu@14.2.33':
    optional: true

  '@next/swc-linux-x64-musl@14.2.33':
    optional: true

  '@next/swc-win32-arm64-msvc@14.2.33':
    optional: true

  '@next/swc-win32-ia32-msvc@14.2.33':
    optional: true

  '@next/swc-win32-x64-msvc@14.2.33':
    optional: true

  '@popperjs/core@2.11.8': {}

  '@runeltd/hugr@file:..(zod@4.3.6)':
    dependencies:
      '@anthropic-ai/claude-agent-sdk': 0.2.81(zod@4.3.6)
      yaml: 2.8.3
    transitivePeerDependencies:
      - zod

  '@swc/counter@0.1.3': {}

  '@swc/helpers@0.5.5':
    dependencies:
      '@swc/counter': 0.1.3
      tslib: 2.8.1

  '@types/lodash.mergewith@4.6.9':
    dependencies:
      '@types/lodash': 4.17.24

  '@types/lodash@4.17.24': {}

  '@types/node@22.19.15':
    dependencies:
      undici-types: 6.21.0

  '@types/parse-json@4.0.2': {}

  '@types/prop-types@15.7.15': {}

  '@types/react-dom@19.2.3(@types/react@18.3.28)':
    dependencies:
      '@types/react': 18.3.28

  '@types/react@18.3.28':
    dependencies:
      '@types/prop-types': 15.7.15
      csstype: 3.2.3

  '@zag-js/dom-query@0.31.1': {}

  '@zag-js/element-size@0.31.1': {}

  '@zag-js/focus-visible@0.31.1':
    dependencies:
      '@zag-js/dom-query': 0.31.1

  aria-hidden@1.2.6:
    dependencies:
      tslib: 2.8.1

  babel-plugin-macros@3.1.0:
    dependencies:
      '@babel/runtime': 7.29.2
      cosmiconfig: 7.1.0
      resolve: 1.22.11

  busboy@1.6.0:
    dependencies:
      streamsearch: 1.1.0

  callsites@3.1.0: {}

  caniuse-lite@1.0.30001780: {}

  client-only@0.0.1: {}

  color2k@2.0.3: {}

  convert-source-map@1.9.0: {}

  copy-to-clipboard@3.3.3:
    dependencies:
      toggle-selection: 1.0.6

  cosmiconfig@7.1.0:
    dependencies:
      '@types/parse-json': 4.0.2
      import-fresh: 3.3.1
      parse-json: 5.2.0
      path-type: 4.0.0
      yaml: 1.10.3

  csstype@3.2.3: {}

  debug@4.4.3:
    dependencies:
      ms: 2.1.3

  detect-node-es@1.1.0: {}

  error-ex@1.3.4:
    dependencies:
      is-arrayish: 0.2.1

  escape-string-regexp@4.0.0: {}

  find-root@1.1.0: {}

  focus-lock@1.3.6:
    dependencies:
      tslib: 2.8.1

  framer-motion@11.18.2(@emotion/is-prop-valid@1.4.0)(react-dom@19.2.4(react@18.3.1))(react@18.3.1):
    dependencies:
      motion-dom: 11.18.1
      motion-utils: 11.18.1
      tslib: 2.8.1
    optionalDependencies:
      '@emotion/is-prop-valid': 1.4.0
      react: 18.3.1
      react-dom: 19.2.4(react@18.3.1)

  framesync@6.1.2:
    dependencies:
      tslib: 2.4.0

  function-bind@1.1.2: {}

  get-nonce@1.0.1: {}

  graceful-fs@4.2.11: {}

  hasown@2.0.2:
    dependencies:
      function-bind: 1.1.2

  hoist-non-react-statics@3.3.2:
    dependencies:
      react-is: 16.13.1

  import-fresh@3.3.1:
    dependencies:
      parent-module: 1.0.1
      resolve-from: 4.0.0

  is-arrayish@0.2.1: {}

  is-core-module@2.16.1:
    dependencies:
      hasown: 2.0.2

  js-tokens@4.0.0: {}

  jsesc@3.1.0: {}

  json-parse-even-better-errors@2.3.1: {}

  lines-and-columns@1.2.4: {}

  lodash.mergewith@4.6.2: {}

  loose-envify@1.4.0:
    dependencies:
      js-tokens: 4.0.0

  lucide-react@0.441.0(react@18.3.1):
    dependencies:
      react: 18.3.1

  motion-dom@11.18.1:
    dependencies:
      motion-utils: 11.18.1

  motion-utils@11.18.1: {}

  ms@2.1.3: {}

  nanoid@3.3.11: {}

  next@14.2.35(react-dom@19.2.4(react@18.3.1))(react@18.3.1):
    dependencies:
      '@next/env': 14.2.35
      '@swc/helpers': 0.5.5
      busboy: 1.6.0
      caniuse-lite: 1.0.30001780
      graceful-fs: 4.2.11
      postcss: 8.4.31
      react: 18.3.1
      react-dom: 19.2.4(react@18.3.1)
      styled-jsx: 5.1.1(react@18.3.1)
    optionalDependencies:
      '@next/swc-darwin-arm64': 14.2.33
      '@next/swc-darwin-x64': 14.2.33
      '@next/swc-linux-arm64-gnu': 14.2.33
      '@next/swc-linux-arm64-musl': 14.2.33
      '@next/swc-linux-x64-gnu': 14.2.33
      '@next/swc-linux-x64-musl': 14.2.33
      '@next/swc-win32-arm64-msvc': 14.2.33
      '@next/swc-win32-ia32-msvc': 14.2.33
      '@next/swc-win32-x64-msvc': 14.2.33
    transitivePeerDependencies:
      - '@babel/core'
      - babel-plugin-macros

  object-assign@4.1.1: {}

  parent-module@1.0.1:
    dependencies:
      callsites: 3.1.0

  parse-json@5.2.0:
    dependencies:
      '@babel/code-frame': 7.29.0
      error-ex: 1.3.4
      json-parse-even-better-errors: 2.3.1
      lines-and-columns: 1.2.4

  path-parse@1.0.7: {}

  path-type@4.0.0: {}

  picocolors@1.1.1: {}

  postcss@8.4.31:
    dependencies:
      nanoid: 3.3.11
      picocolors: 1.1.1
      source-map-js: 1.2.1

  prop-types@15.8.1:
    dependencies:
      loose-envify: 1.4.0
      object-assign: 4.1.1
      react-is: 16.13.1

  react-clientside-effect@1.2.8(react@18.3.1):
    dependencies:
      '@babel/runtime': 7.29.2
      react: 18.3.1

  react-dom@19.2.4(react@18.3.1):
    dependencies:
      react: 18.3.1
      scheduler: 0.27.0

  react-fast-compare@3.2.2: {}

  react-focus-lock@2.13.7(@types/react@18.3.28)(react@18.3.1):
    dependencies:
      '@babel/runtime': 7.29.2
      focus-lock: 1.3.6
      prop-types: 15.8.1
      react: 18.3.1
      react-clientside-effect: 1.2.8(react@18.3.1)
      use-callback-ref: 1.3.3(@types/react@18.3.28)(react@18.3.1)
      use-sidecar: 1.1.3(@types/react@18.3.28)(react@18.3.1)
    optionalDependencies:
      '@types/react': 18.3.28

  react-is@16.13.1: {}

  react-remove-scroll-bar@2.3.8(@types/react@18.3.28)(react@18.3.1):
    dependencies:
      react: 18.3.1
      react-style-singleton: 2.2.3(@types/react@18.3.28)(react@18.3.1)
      tslib: 2.8.1
    optionalDependencies:
      '@types/react': 18.3.28

  react-remove-scroll@2.7.2(@types/react@18.3.28)(react@18.3.1):
    dependencies:
      react: 18.3.1
      react-remove-scroll-bar: 2.3.8(@types/react@18.3.28)(react@18.3.1)
      react-style-singleton: 2.2.3(@types/react@18.3.28)(react@18.3.1)
      tslib: 2.8.1
      use-callback-ref: 1.3.3(@types/react@18.3.28)(react@18.3.1)
      use-sidecar: 1.1.3(@types/react@18.3.28)(react@18.3.1)
    optionalDependencies:
      '@types/react': 18.3.28

  react-style-singleton@2.2.3(@types/react@18.3.28)(react@18.3.1):
    dependencies:
      get-nonce: 1.0.1
      react: 18.3.1
      tslib: 2.8.1
    optionalDependencies:
      '@types/react': 18.3.28

  react@18.3.1:
    dependencies:
      loose-envify: 1.4.0

  resolve-from@4.0.0: {}

  resolve@1.22.11:
    dependencies:
      is-core-module: 2.16.1
      path-parse: 1.0.7
      supports-preserve-symlinks-flag: 1.0.0

  scheduler@0.27.0: {}

  source-map-js@1.2.1: {}

  source-map@0.5.7: {}

  streamsearch@1.1.0: {}

  styled-jsx@5.1.1(react@18.3.1):
    dependencies:
      client-only: 0.0.1
      react: 18.3.1

  stylis@4.2.0: {}

  supports-preserve-symlinks-flag@1.0.0: {}

  toggle-selection@1.0.6: {}

  tslib@2.4.0: {}

  tslib@2.8.1: {}

  typescript@5.9.3: {}

  undici-types@6.21.0: {}

  use-callback-ref@1.3.3(@types/react@18.3.28)(react@18.3.1):
    dependencies:
      react: 18.3.1
      tslib: 2.8.1
    optionalDependencies:
      '@types/react': 18.3.28

  use-sidecar@1.1.3(@types/react@18.3.28)(react@18.3.1):
    dependencies:
      detect-node-es: 1.1.0
      react: 18.3.1
      tslib: 2.8.1
    optionalDependencies:
      '@types/react': 18.3.28

  yaml@1.10.3: {}

  yaml@2.8.3: {}

  zod@4.3.6: {}
